
Microsoft Visual Studio Solution File, Format Version 12.00
# Visual Studio 2012
Project("{FAE04EC0-301F-11D3-BF4B-00C04F79EFBC}") = "TesteNotificationDroid", "TesteNotificationDroid\TesteNotificationDroid.csproj", "{5FB78513-58CB-422B-8698-3788C67B0100}"
EndProject
Global
	GlobalSection(SolutionConfigurationPlatforms) = preSolution
		Debug|Any CPU = Debug|Any CPU
		Release|Any CPU = Release|Any CPU
	EndGlobalSection
	GlobalSection(ProjectConfigurationPlatforms) = postSolution
		{5FB78513-58CB-422B-8698-3788C67B0100}.Debug|Any CPU.ActiveCfg = Debug|Any CPU
		{5FB78513-58CB-422B-8698-3788C67B0100}.Debug|Any CPU.Build.0 = Debug|Any CPU
		{5FB78513-58CB-422B-8698-3788C67B0100}.Release|Any CPU.ActiveCfg = Release|Any CPU
		{5FB78513-58CB-422B-8698-3788C67B0100}.Release|Any CPU.Build.0 = Release|Any CPU
	EndGlobalSection
EndGlobal
